
Microsoft Visual Studio Solution File, Format Version 12.00
# Visual Studio Version 17
VisualStudioVersion = 17.5.002.0
MinimumVisualStudioVersion = 10.0.40219.1
Project("{9A19103F-16F7-4668-BE54-9A1E7A4F7556}") = "Classes_and_Inheritance", "Classes_and_Inheritance\Classes_and_Inheritance.csproj", "{CD177D90-6E18-4C11-9975-10BCEE98EFAB}"
EndProject
Project("{9A19103F-16F7-4668-BE54-9A1E7A4F7556}") = "Conditionals_and_Operators", "Conditionals_and_Operators\Conditionals_and_Operators.csproj", "{B98BC9FE-D6D3-45A0-A3E2-917406221B11}"
EndProject
Project("{9A19103F-16F7-4668-BE54-9A1E7A4F7556}") = "HelloWorld", "HelloWorld\HelloWorld.csproj", "{C6B90E71-3604-46F7-A8C8-B30667CC1B0B}"
EndProject
Project("{9A19103F-16F7-4668-BE54-9A1E7A4F7556}") = "Logic_Exercises", "Logic_Exercises\Logic_Exercises.csproj", "{0D5EA064-3380-4815-9D84-7BAEE88B7A9B}"
EndProject
Project("{9A19103F-16F7-4668-BE54-9A1E7A4F7556}") = "Loops_Polymorphism_Exceptions", "Loops_Polymorphism_Exceptions\Loops_Polymorphism_Exceptions.csproj", "{F48147DE-52CB-4438-B901-F1E6A39093A9}"
EndProject
Global
	GlobalSection(SolutionConfigurationPlatforms) = preSolution
		Debug|Any CPU = Debug|Any CPU
		Release|Any CPU = Release|Any CPU
	EndGlobalSection
	GlobalSection(ProjectConfigurationPlatforms) = postSolution
		{CD177D90-6E18-4C11-9975-10BCEE98EFAB}.Debug|Any CPU.ActiveCfg = Debug|Any CPU
		{CD177D90-6E18-4C11-9975-10BCEE98EFAB}.Debug|Any CPU.Build.0 = Debug|Any CPU
		{CD177D90-6E18-4C11-9975-10BCEE98EFAB}.Release|Any CPU.ActiveCfg = Release|Any CPU
		{CD177D90-6E18-4C11-9975-10BCEE98EFAB}.Release|Any CPU.Build.0 = Release|Any CPU
		{B98BC9FE-D6D3-45A0-A3E2-917406221B11}.Debug|Any CPU.ActiveCfg = Debug|Any CPU
		{B98BC9FE-D6D3-45A0-A3E2-917406221B11}.Debug|Any CPU.Build.0 = Debug|Any CPU
		{B98BC9FE-D6D3-45A0-A3E2-917406221B11}.Release|Any CPU.ActiveCfg = Release|Any CPU
		{B98BC9FE-D6D3-45A0-A3E2-917406221B11}.Release|Any CPU.Build.0 = Release|Any CPU
		{C6B90E71-3604-46F7-A8C8-B30667CC1B0B}.Debug|Any CPU.ActiveCfg = Debug|Any CPU
		{C6B90E71-3604-46F7-A8C8-B30667CC1B0B}.Debug|Any CPU.Build.0 = Debug|Any CPU
		{C6B90E71-3604-46F7-A8C8-B30667CC1B0B}.Release|Any CPU.ActiveCfg = Release|Any CPU
		{C6B90E71-3604-46F7-A8C8-B30667CC1B0B}.Release|Any CPU.Build.0 = Release|Any CPU
		{0D5EA064-3380-4815-9D84-7BAEE88B7A9B}.Debug|Any CPU.ActiveCfg = Debug|Any CPU
		{0D5EA064-3380-4815-9D84-7BAEE88B7A9B}.Debug|Any CPU.Build.0 = Debug|Any CPU
		{0D5EA064-3380-4815-9D84-7BAEE88B7A9B}.Release|Any CPU.ActiveCfg = Release|Any CPU
		{0D5EA064-3380-4815-9D84-7BAEE88B7A9B}.Release|Any CPU.Build.0 = Release|Any CPU
		{F48147DE-52CB-4438-B901-F1E6A39093A9}.Debug|Any CPU.ActiveCfg = Debug|Any CPU
		{F48147DE-52CB-4438-B901-F1E6A39093A9}.Debug|Any CPU.Build.0 = Debug|Any CPU
		{F48147DE-52CB-4438-B901-F1E6A39093A9}.Release|Any CPU.ActiveCfg = Release|Any CPU
		{F48147DE-52CB-4438-B901-F1E6A39093A9}.Release|Any CPU.Build.0 = Release|Any CPU
	EndGlobalSection
	GlobalSection(SolutionProperties) = preSolution
		HideSolutionNode = FALSE
	EndGlobalSection
	GlobalSection(ExtensibilityGlobals) = postSolution
		SolutionGuid = {00E21B66-7309-4AD5-B618-FAF94117A922}
	EndGlobalSection
EndGlobal
